
Microsoft Visual Studio Solution File, Format Version 12.00
# Visual Studio Version 17
VisualStudioVersion = 17.13.35825.156 d17.13
MinimumVisualStudioVersion = 10.0.40219.1
Project("{FAE04EC0-301F-11D3-BF4B-00C04F79EFBC}") = "Taschenrechner", "Taschenrechner\Taschenrechner.csproj", "{5C7754A4-364E-46B2-AFA6-658508DBD9D8}"
EndProject
Project("{FAE04EC0-301F-11D3-BF4B-00C04F79EFBC}") = "TaschenrechnerTests", "TaschenrechnerTests\TaschenrechnerTests.csproj", "{82E41F9A-375C-4D9B-8702-EA562079F7F0}"
EndProject
Global
	GlobalSection(SolutionConfigurationPlatforms) = preSolution
		Debug|Any CPU = Debug|Any CPU
		Release|Any CPU = Release|Any CPU
	EndGlobalSection
	GlobalSection(ProjectConfigurationPlatforms) = postSolution
		{5C7754A4-364E-46B2-AFA6-658508DBD9D8}.Debug|Any CPU.ActiveCfg = Debug|Any CPU
		{5C7754A4-364E-46B2-AFA6-658508DBD9D8}.Debug|Any CPU.Build.0 = Debug|Any CPU
		{5C7754A4-364E-46B2-AFA6-658508DBD9D8}.Release|Any CPU.ActiveCfg = Release|Any CPU
		{5C7754A4-364E-46B2-AFA6-658508DBD9D8}.Release|Any CPU.Build.0 = Release|Any CPU
		{82E41F9A-375C-4D9B-8702-EA562079F7F0}.Debug|Any CPU.ActiveCfg = Debug|Any CPU
		{82E41F9A-375C-4D9B-8702-EA562079F7F0}.Debug|Any CPU.Build.0 = Debug|Any CPU
		{82E41F9A-375C-4D9B-8702-EA562079F7F0}.Release|Any CPU.ActiveCfg = Release|Any CPU
		{82E41F9A-375C-4D9B-8702-EA562079F7F0}.Release|Any CPU.Build.0 = Release|Any CPU
	EndGlobalSection
	GlobalSection(SolutionProperties) = preSolution
		HideSolutionNode = FALSE
	EndGlobalSection
	GlobalSection(ExtensibilityGlobals) = postSolution
		SolutionGuid = {66489857-C97F-4A3F-B04E-AFC8C9F3BB42}
	EndGlobalSection
EndGlobal
